
Microsoft Visual Studio Solution File, Format Version 12.00
# Visual Studio Version 17
VisualStudioVersion = 17.9.34714.143
MinimumVisualStudioVersion = 10.0.40219.1
Project("{FAE04EC0-301F-11D3-BF4B-00C04F79EFBC}") = "e-crime.mvc", "e-crime.mvc.csproj", "{917CA09F-CF62-4A10-8B57-7FE943D97517}"
EndProject
Global
	GlobalSection(SolutionConfigurationPlatforms) = preSolution
		Debug|Any CPU = Debug|Any CPU
		Release|Any CPU = Release|Any CPU
	EndGlobalSection
	GlobalSection(ProjectConfigurationPlatforms) = postSolution
		{917CA09F-CF62-4A10-8B57-7FE943D97517}.Debug|Any CPU.ActiveCfg = Debug|Any CPU
		{917CA09F-CF62-4A10-8B57-7FE943D97517}.Debug|Any CPU.Build.0 = Debug|Any CPU
		{917CA09F-CF62-4A10-8B57-7FE943D97517}.Release|Any CPU.ActiveCfg = Release|Any CPU
		{917CA09F-CF62-4A10-8B57-7FE943D97517}.Release|Any CPU.Build.0 = Release|Any CPU
	EndGlobalSection
	GlobalSection(SolutionProperties) = preSolution
		HideSolutionNode = FALSE
	EndGlobalSection
	GlobalSection(ExtensibilityGlobals) = postSolution
		SolutionGuid = {B06DA84C-412B-4BD2-8145-DDF1CE7D573C}
	EndGlobalSection
EndGlobal
